
Microsoft Visual Studio Solution File, Format Version 12.00
# Visual Studio Version 16
VisualStudioVersion = 16.0.30907.101
MinimumVisualStudioVersion = 10.0.40219.1
Project("{9A19103F-16F7-4668-BE54-9A1E7A4F7556}") = "Tic Tac Toe", "HelloWorld\Tic Tac Toe.csproj", "{77F821B8-FECF-4AC5-986B-9272351EBAC0}"
EndProject
Global
	GlobalSection(SolutionConfigurationPlatforms) = preSolution
		Debug|Any CPU = Debug|Any CPU
		Release|Any CPU = Release|Any CPU
	EndGlobalSection
	GlobalSection(ProjectConfigurationPlatforms) = postSolution
		{77F821B8-FECF-4AC5-986B-9272351EBAC0}.Debug|Any CPU.ActiveCfg = Debug|Any CPU
		{77F821B8-FECF-4AC5-986B-9272351EBAC0}.Debug|Any CPU.Build.0 = Debug|Any CPU
		{77F821B8-FECF-4AC5-986B-9272351EBAC0}.Release|Any CPU.ActiveCfg = Release|Any CPU
		{77F821B8-FECF-4AC5-986B-9272351EBAC0}.Release|Any CPU.Build.0 = Release|Any CPU
	EndGlobalSection
	GlobalSection(SolutionProperties) = preSolution
		HideSolutionNode = FALSE
	EndGlobalSection
	GlobalSection(ExtensibilityGlobals) = postSolution
		SolutionGuid = {96EE1369-589F-4A3A-B4A5-36BF6DEDC998}
	EndGlobalSection
EndGlobal
